
Microsoft Visual Studio Solution File, Format Version 12.00
# Visual Studio 15
VisualStudioVersion = 15.0.28307.102
MinimumVisualStudioVersion = 10.0.40219.1
Project("{9A19103F-16F7-4668-BE54-9A1E7A4F7556}") = "ThresholdAlerter", "ThresholdAlerter.csproj", "{C7734707-3306-448A-B386-605D714386AF}"
EndProject
Global
	GlobalSection(SolutionConfigurationPlatforms) = preSolution
		Debug|Any CPU = Debug|Any CPU
		Release|Any CPU = Release|Any CPU
	EndGlobalSection
	GlobalSection(ProjectConfigurationPlatforms) = postSolution
		{C7734707-3306-448A-B386-605D714386AF}.Debug|Any CPU.ActiveCfg = Debug|Any CPU
		{C7734707-3306-448A-B386-605D714386AF}.Debug|Any CPU.Build.0 = Debug|Any CPU
		{C7734707-3306-448A-B386-605D714386AF}.Release|Any CPU.ActiveCfg = Release|Any CPU
		{C7734707-3306-448A-B386-605D714386AF}.Release|Any CPU.Build.0 = Release|Any CPU
	EndGlobalSection
	GlobalSection(SolutionProperties) = preSolution
		HideSolutionNode = FALSE
	EndGlobalSection
	GlobalSection(ExtensibilityGlobals) = postSolution
		SolutionGuid = {596C05F8-5BF8-4CA1-AD8D-30ACE55C3AF2}
	EndGlobalSection
EndGlobal
